
Microsoft Visual Studio Solution File, Format Version 12.00
# Visual Studio Version 16
VisualStudioVersion = 16.0.32002.261
MinimumVisualStudioVersion = 10.0.40219.1
Project("{FAE04EC0-301F-11D3-BF4B-00C04F79EFBC}") = "SportsStore", "SportsStore\SportsStore.csproj", "{6478BA1C-6E84-4CDC-81DF-236251C272F4}"
EndProject
Project("{FAE04EC0-301F-11D3-BF4B-00C04F79EFBC}") = "SportsStore.Tests", "SportsStore.Tests\SportsStore.Tests.csproj", "{940981C0-08AC-43CC-BCF8-6C38CA7678F8}"
EndProject
Global
	GlobalSection(SolutionConfigurationPlatforms) = preSolution
		Debug|Any CPU = Debug|Any CPU
		Release|Any CPU = Release|Any CPU
	EndGlobalSection
	GlobalSection(ProjectConfigurationPlatforms) = postSolution
		{6478BA1C-6E84-4CDC-81DF-236251C272F4}.Debug|Any CPU.ActiveCfg = Debug|Any CPU
		{6478BA1C-6E84-4CDC-81DF-236251C272F4}.Debug|Any CPU.Build.0 = Debug|Any CPU
		{6478BA1C-6E84-4CDC-81DF-236251C272F4}.Release|Any CPU.ActiveCfg = Release|Any CPU
		{6478BA1C-6E84-4CDC-81DF-236251C272F4}.Release|Any CPU.Build.0 = Release|Any CPU
		{940981C0-08AC-43CC-BCF8-6C38CA7678F8}.Debug|Any CPU.ActiveCfg = Debug|Any CPU
		{940981C0-08AC-43CC-BCF8-6C38CA7678F8}.Debug|Any CPU.Build.0 = Debug|Any CPU
		{940981C0-08AC-43CC-BCF8-6C38CA7678F8}.Release|Any CPU.ActiveCfg = Release|Any CPU
		{940981C0-08AC-43CC-BCF8-6C38CA7678F8}.Release|Any CPU.Build.0 = Release|Any CPU
	EndGlobalSection
	GlobalSection(SolutionProperties) = preSolution
		HideSolutionNode = FALSE
	EndGlobalSection
	GlobalSection(ExtensibilityGlobals) = postSolution
		SolutionGuid = {F8E20F54-0103-4383-8E1F-4E37A4DE0DF2}
	EndGlobalSection
EndGlobal
